
Microsoft Visual Studio Solution File, Format Version 12.00
# Visual Studio Version 17
VisualStudioVersion = 17.4.33403.182
MinimumVisualStudioVersion = 10.0.40219.1
Project("{FAE04EC0-301F-11D3-BF4B-00C04F79EFBC}") = "CC", "CC.csproj", "{C174862F-BA9E-48FC-B905-AF01630C9929}"
EndProject
Global
	GlobalSection(SolutionConfigurationPlatforms) = preSolution
		Debug|Any CPU = Debug|Any CPU
		Release|Any CPU = Release|Any CPU
	EndGlobalSection
	GlobalSection(ProjectConfigurationPlatforms) = postSolution
		{C174862F-BA9E-48FC-B905-AF01630C9929}.Debug|Any CPU.ActiveCfg = Debug|Any CPU
		{C174862F-BA9E-48FC-B905-AF01630C9929}.Debug|Any CPU.Build.0 = Debug|Any CPU
		{C174862F-BA9E-48FC-B905-AF01630C9929}.Release|Any CPU.ActiveCfg = Release|Any CPU
		{C174862F-BA9E-48FC-B905-AF01630C9929}.Release|Any CPU.Build.0 = Release|Any CPU
	EndGlobalSection
	GlobalSection(SolutionProperties) = preSolution
		HideSolutionNode = FALSE
	EndGlobalSection
	GlobalSection(ExtensibilityGlobals) = postSolution
		SolutionGuid = {C7AAB45C-5D56-4285-930D-1004BB47A88F}
	EndGlobalSection
EndGlobal
